<?xml version="1.0" encoding="utf-8"?>
<Project ToolsVersion="4.0" xmlns="http://schemas.microsoft.com/developer/msbuild/2003">
  <ItemGroup>
    <ClCompile Include="Acceptor.cpp">
      <Filter>EdoyunNet</Filter>
    </ClCompile>
    <ClCompile Include="BufferReader.cpp">
      <Filter>EdoyunNet</Filter>
    </ClCompile>
    <ClCompile Include="BufferWriter.cpp">
      <Filter>EdoyunNet</Filter>
    </ClCompile>
    <ClCompile Include="EventLoop.cpp">
      <Filter>EdoyunNet</Filter>
    </ClCompile>
    <ClCompile Include="main.cpp" />
    <ClCompile Include="ReactorBase.cpp">
      <Filter>EdoyunNet</Filter>
    </ClCompile>
    <ClCompile Include="ReactorEpoll.cpp">
      <Filter>EdoyunNet</Filter>
    </ClCompile>
    <ClCompile Include="TcpConnection.cpp">
      <Filter>EdoyunNet</Filter>
    </ClCompile>
    <ClCompile Include="TcpServer.cpp">
      <Filter>EdoyunNet</Filter>
    </ClCompile>
    <ClCompile Include="TcpSocket.cpp">
      <Filter>EdoyunNet</Filter>
    </ClCompile>
    <ClCompile Include="Timer.cpp">
      <Filter>EdoyunNet</Filter>
    </ClCompile>
    <ClCompile Include="Amf.cpp">
      <Filter>RtmpServer</Filter>
    </ClCompile>
    <ClCompile Include="RtmpChunk.cpp">
      <Filter>RtmpServer</Filter>
    </ClCompile>
    <ClCompile Include="RtmpConnection.cpp">
      <Filter>RtmpServer</Filter>
    </ClCompile>
    <ClCompile Include="RtmpHandshake.cpp">
      <Filter>RtmpServer</Filter>
    </ClCompile>
    <ClCompile Include="RtmpSession.cpp">
      <Filter>RtmpServer</Filter>
    </ClCompile>
    <ClCompile Include="RtmpServer.cpp">
      <Filter>RtmpServer</Filter>
    </ClCompile>
    <ClCompile Include="ConnectionManager.cpp">
      <Filter>SigServer</Filter>
    </ClCompile>
  </ItemGroup>
  <ItemGroup>
    <ClInclude Include="Acceptor.h">
      <Filter>EdoyunNet</Filter>
    </ClInclude>
    <ClInclude Include="BufferReader.h">
      <Filter>EdoyunNet</Filter>
    </ClInclude>
    <ClInclude Include="BufferWriter.h">
      <Filter>EdoyunNet</Filter>
    </ClInclude>
    <ClInclude Include="Channel.h">
      <Filter>EdoyunNet</Filter>
    </ClInclude>
    <ClInclude Include="EventLoop.h">
      <Filter>EdoyunNet</Filter>
    </ClInclude>
    <ClInclude Include="ReactorBase.h">
      <Filter>EdoyunNet</Filter>
    </ClInclude>
    <ClInclude Include="ReactorEpoll.h">
      <Filter>EdoyunNet</Filter>
    </ClInclude>
    <ClInclude Include="TcpConnection.h">
      <Filter>EdoyunNet</Filter>
    </ClInclude>
    <ClInclude Include="TcpServer.h">
      <Filter>EdoyunNet</Filter>
    </ClInclude>
    <ClInclude Include="TcpSocket.h">
      <Filter>EdoyunNet</Filter>
    </ClInclude>
    <ClInclude Include="Timer.h">
      <Filter>EdoyunNet</Filter>
    </ClInclude>
    <ClInclude Include="RtmpSink.h">
      <Filter>RtmpServer</Filter>
    </ClInclude>
    <ClInclude Include="Amf.h">
      <Filter>RtmpServer</Filter>
    </ClInclude>
    <ClInclude Include="Rtmp.h">
      <Filter>RtmpServer</Filter>
    </ClInclude>
    <ClInclude Include="RtmpChunk.h">
      <Filter>RtmpServer</Filter>
    </ClInclude>
    <ClInclude Include="RtmpConnection.h">
      <Filter>RtmpServer</Filter>
    </ClInclude>
    <ClInclude Include="RtmpHandshake.h">
      <Filter>RtmpServer</Filter>
    </ClInclude>
    <ClInclude Include="RtmpMessage.h">
      <Filter>RtmpServer</Filter>
    </ClInclude>
    <ClInclude Include="RtmpSession.h">
      <Filter>RtmpServer</Filter>
    </ClInclude>
    <ClInclude Include="RtmpServer.h">
      <Filter>RtmpServer</Filter>
    </ClInclude>
    <ClInclude Include="define.h">
      <Filter>SigServer</Filter>
    </ClInclude>
    <ClInclude Include="ConnectionManager.h">
      <Filter>SigServer</Filter>
    </ClInclude>
  </ItemGroup>
  <ItemGroup>
    <Filter Include="EdoyunNet">
      <UniqueIdentifier>{d30f4a63-80a3-4cfc-a862-46b03861a82f}</UniqueIdentifier>
    </Filter>
    <Filter Include="RtmpServer">
      <UniqueIdentifier>{38022f2d-40d4-4148-b678-8d9013bd6ae7}</UniqueIdentifier>
    </Filter>
    <Filter Include="SigServer">
      <UniqueIdentifier>{585f2021-a406-499a-99db-bfeb3c9f7223}</UniqueIdentifier>
    </Filter>
  </ItemGroup>
</Project>